
Microsoft Visual Studio Solution File, Format Version 12.00
# Visual Studio Version 17
VisualStudioVersion = 17.0.32929.387
MinimumVisualStudioVersion = 10.0.40219.1
Project("{FAE04EC0-301F-11D3-BF4B-00C04F79EFBC}") = "weather-app", "weather-app.csproj", "{7B1AAC74-7AA8-45EA-8AA1-18F4C11BCDD9}"
EndProject
Global
	GlobalSection(SolutionConfigurationPlatforms) = preSolution
		Debug|Any CPU = Debug|Any CPU
		Release|Any CPU = Release|Any CPU
	EndGlobalSection
	GlobalSection(ProjectConfigurationPlatforms) = postSolution
		{7B1AAC74-7AA8-45EA-8AA1-18F4C11BCDD9}.Debug|Any CPU.ActiveCfg = Debug|Any CPU
		{7B1AAC74-7AA8-45EA-8AA1-18F4C11BCDD9}.Debug|Any CPU.Build.0 = Debug|Any CPU
		{7B1AAC74-7AA8-45EA-8AA1-18F4C11BCDD9}.Release|Any CPU.ActiveCfg = Release|Any CPU
		{7B1AAC74-7AA8-45EA-8AA1-18F4C11BCDD9}.Release|Any CPU.Build.0 = Release|Any CPU
	EndGlobalSection
	GlobalSection(SolutionProperties) = preSolution
		HideSolutionNode = FALSE
	EndGlobalSection
	GlobalSection(ExtensibilityGlobals) = postSolution
		SolutionGuid = {00756A20-FF41-4FFC-B1BA-D44CE87212F5}
	EndGlobalSection
EndGlobal
